
Microsoft Visual Studio Solution File, Format Version 12.00
# Visual Studio Version 17
VisualStudioVersion = 17.7.34031.279
MinimumVisualStudioVersion = 10.0.40219.1
Project("{FAE04EC0-301F-11D3-BF4B-00C04F79EFBC}") = "P10_1_714220062", "P10_1_714220062\P10_1_714220062.csproj", "{ACD3BA0D-5279-4A61-B16F-7525C861B623}"
EndProject
Global
	GlobalSection(SolutionConfigurationPlatforms) = preSolution
		Debug|Any CPU = Debug|Any CPU
		Release|Any CPU = Release|Any CPU
	EndGlobalSection
	GlobalSection(ProjectConfigurationPlatforms) = postSolution
		{ACD3BA0D-5279-4A61-B16F-7525C861B623}.Debug|Any CPU.ActiveCfg = Debug|Any CPU
		{ACD3BA0D-5279-4A61-B16F-7525C861B623}.Debug|Any CPU.Build.0 = Debug|Any CPU
		{ACD3BA0D-5279-4A61-B16F-7525C861B623}.Release|Any CPU.ActiveCfg = Release|Any CPU
		{ACD3BA0D-5279-4A61-B16F-7525C861B623}.Release|Any CPU.Build.0 = Release|Any CPU
	EndGlobalSection
	GlobalSection(SolutionProperties) = preSolution
		HideSolutionNode = FALSE
	EndGlobalSection
	GlobalSection(ExtensibilityGlobals) = postSolution
		SolutionGuid = {6E9C5241-A6DD-4AB9-92B1-F527F359ABE3}
	EndGlobalSection
EndGlobal
